# This Solution File manages the Ecommerce platform.
# - Ecommerce.Api: The main backend web service (ASP.NET Core).
# - Ecommerce.Tests: Automated unit and integration tests.
# - Configuration: Maps build settings (Debug/Release) to CPU architectures.

Microsoft Visual Studio Solution File, Format Version 12.00
# Visual Studio Version 17
...﻿
Microsoft Visual Studio Solution File, Format Version 12.00
# Visual Studio Version 17
VisualStudioVersion = 17.0.31903.59
MinimumVisualStudioVersion = 10.0.40219.1
Project("{FAE04EC0-301F-11D3-BF4B-00C04F79EFBC}") = "Ecommerce.Api", "Ecommerce.Api\Ecommerce.Api.csproj", "{EA598876-0C19-45B3-8563-B289348B91DF}"
EndProject
Project("{FAE04EC0-301F-11D3-BF4B-00C04F79EFBC}") = "Ecommerce.Tests", "Ecommerce.Tests\Ecommerce.Tests.csproj", "{77D27530-FEDA-4A14-8DC9-2AD65A4D4C2F}"
EndProject
Global
	GlobalSection(SolutionConfigurationPlatforms) = preSolution
		Debug|Any CPU = Debug|Any CPU
		Debug|x64 = Debug|x64
		Debug|x86 = Debug|x86
		Release|Any CPU = Release|Any CPU
		Release|x64 = Release|x64
		Release|x86 = Release|x86
	EndGlobalSection
	GlobalSection(ProjectConfigurationPlatforms) = postSolution
		{EA598876-0C19-45B3-8563-B289348B91DF}.Debug|Any CPU.ActiveCfg = Debug|Any CPU
		{EA598876-0C19-45B3-8563-B289348B91DF}.Debug|Any CPU.Build.0 = Debug|Any CPU
		{EA598876-0C19-45B3-8563-B289348B91DF}.Debug|x64.ActiveCfg = Debug|Any CPU
		{EA598876-0C19-45B3-8563-B289348B91DF}.Debug|x64.Build.0 = Debug|Any CPU
		{EA598876-0C19-45B3-8563-B289348B91DF}.Debug|x86.ActiveCfg = Debug|Any CPU
		{EA598876-0C19-45B3-8563-B289348B91DF}.Debug|x86.Build.0 = Debug|Any CPU
		{EA598876-0C19-45B3-8563-B289348B91DF}.Release|Any CPU.ActiveCfg = Release|Any CPU
		{EA598876-0C19-45B3-8563-B289348B91DF}.Release|Any CPU.Build.0 = Release|Any CPU
		{EA598876-0C19-45B3-8563-B289348B91DF}.Release|x64.ActiveCfg = Release|Any CPU
		{EA598876-0C19-45B3-8563-B289348B91DF}.Release|x64.Build.0 = Release|Any CPU
		{EA598876-0C19-45B3-8563-B289348B91DF}.Release|x86.ActiveCfg = Release|Any CPU
		{EA598876-0C19-45B3-8563-B289348B91DF}.Release|x86.Build.0 = Release|Any CPU
		{77D27530-FEDA-4A14-8DC9-2AD65A4D4C2F}.Debug|Any CPU.ActiveCfg = Debug|Any CPU
		{77D27530-FEDA-4A14-8DC9-2AD65A4D4C2F}.Debug|Any CPU.Build.0 = Debug|Any CPU
		{77D27530-FEDA-4A14-8DC9-2AD65A4D4C2F}.Debug|x64.ActiveCfg = Debug|Any CPU
		{77D27530-FEDA-4A14-8DC9-2AD65A4D4C2F}.Debug|x64.Build.0 = Debug|Any CPU
		{77D27530-FEDA-4A14-8DC9-2AD65A4D4C2F}.Debug|x86.ActiveCfg = Debug|Any CPU
		{77D27530-FEDA-4A14-8DC9-2AD65A4D4C2F}.Debug|x86.Build.0 = Debug|Any CPU
		{77D27530-FEDA-4A14-8DC9-2AD65A4D4C2F}.Release|Any CPU.ActiveCfg = Release|Any CPU
		{77D27530-FEDA-4A14-8DC9-2AD65A4D4C2F}.Release|Any CPU.Build.0 = Release|Any CPU
		{77D27530-FEDA-4A14-8DC9-2AD65A4D4C2F}.Release|x64.ActiveCfg = Release|Any CPU
		{77D27530-FEDA-4A14-8DC9-2AD65A4D4C2F}.Release|x64.Build.0 = Release|Any CPU
		{77D27530-FEDA-4A14-8DC9-2AD65A4D4C2F}.Release|x86.ActiveCfg = Release|Any CPU
		{77D27530-FEDA-4A14-8DC9-2AD65A4D4C2F}.Release|x86.Build.0 = Release|Any CPU
	EndGlobalSection
	GlobalSection(SolutionProperties) = preSolution
		HideSolutionNode = FALSE
	EndGlobalSection
EndGlobal
